
Microsoft Visual Studio Solution File, Format Version 12.00
# Visual Studio Version 17
VisualStudioVersion = 17.3.32819.101
MinimumVisualStudioVersion = 10.0.40219.1
Project("{FAE04EC0-301F-11D3-BF4B-00C04F79EFBC}") = "VariablesAndExpressions", "VariablesAndExpressions\VariablesAndExpressions.csproj", "{F7AA1B87-3C04-45D8-A5C7-6145E089605E}"
EndProject
Global
	GlobalSection(SolutionConfigurationPlatforms) = preSolution
		Debug|Any CPU = Debug|Any CPU
		Release|Any CPU = Release|Any CPU
	EndGlobalSection
	GlobalSection(ProjectConfigurationPlatforms) = postSolution
		{F7AA1B87-3C04-45D8-A5C7-6145E089605E}.Debug|Any CPU.ActiveCfg = Debug|Any CPU
		{F7AA1B87-3C04-45D8-A5C7-6145E089605E}.Debug|Any CPU.Build.0 = Debug|Any CPU
		{F7AA1B87-3C04-45D8-A5C7-6145E089605E}.Release|Any CPU.ActiveCfg = Release|Any CPU
		{F7AA1B87-3C04-45D8-A5C7-6145E089605E}.Release|Any CPU.Build.0 = Release|Any CPU
	EndGlobalSection
	GlobalSection(SolutionProperties) = preSolution
		HideSolutionNode = FALSE
	EndGlobalSection
	GlobalSection(ExtensibilityGlobals) = postSolution
		SolutionGuid = {C639EA59-53D7-40C9-8675-968C3FEFE84D}
	EndGlobalSection
EndGlobal
