
Microsoft Visual Studio Solution File, Format Version 12.00
# Visual Studio Version 17
VisualStudioVersion = 17.3.32819.101
MinimumVisualStudioVersion = 10.0.40219.1
Project("{FAE04EC0-301F-11D3-BF4B-00C04F79EFBC}") = "UnitTest1_Q13", "UnitTest1_Q13\UnitTest1_Q13.csproj", "{DC2EDBB7-6E6A-469F-807E-98C99E75C0ED}"
EndProject
Global
	GlobalSection(SolutionConfigurationPlatforms) = preSolution
		Debug|Any CPU = Debug|Any CPU
		Release|Any CPU = Release|Any CPU
	EndGlobalSection
	GlobalSection(ProjectConfigurationPlatforms) = postSolution
		{DC2EDBB7-6E6A-469F-807E-98C99E75C0ED}.Debug|Any CPU.ActiveCfg = Debug|Any CPU
		{DC2EDBB7-6E6A-469F-807E-98C99E75C0ED}.Debug|Any CPU.Build.0 = Debug|Any CPU
		{DC2EDBB7-6E6A-469F-807E-98C99E75C0ED}.Release|Any CPU.ActiveCfg = Release|Any CPU
		{DC2EDBB7-6E6A-469F-807E-98C99E75C0ED}.Release|Any CPU.Build.0 = Release|Any CPU
	EndGlobalSection
	GlobalSection(SolutionProperties) = preSolution
		HideSolutionNode = FALSE
	EndGlobalSection
	GlobalSection(ExtensibilityGlobals) = postSolution
		SolutionGuid = {2EE07116-351D-41DC-989C-143927177792}
	EndGlobalSection
EndGlobal
