
Microsoft Visual Studio Solution File, Format Version 12.00
# Visual Studio Version 17
VisualStudioVersion = 17.3.32819.101
MinimumVisualStudioVersion = 10.0.40219.1
Project("{FAE04EC0-301F-11D3-BF4B-00C04F79EFBC}") = "PE8-Q5", "PE8-Q5\PE8-Q5.csproj", "{706FC1BE-9FA1-42D0-8552-28AAC91B21C2}"
EndProject
Global
	GlobalSection(SolutionConfigurationPlatforms) = preSolution
		Debug|Any CPU = Debug|Any CPU
		Release|Any CPU = Release|Any CPU
	EndGlobalSection
	GlobalSection(ProjectConfigurationPlatforms) = postSolution
		{706FC1BE-9FA1-42D0-8552-28AAC91B21C2}.Debug|Any CPU.ActiveCfg = Debug|Any CPU
		{706FC1BE-9FA1-42D0-8552-28AAC91B21C2}.Debug|Any CPU.Build.0 = Debug|Any CPU
		{706FC1BE-9FA1-42D0-8552-28AAC91B21C2}.Release|Any CPU.ActiveCfg = Release|Any CPU
		{706FC1BE-9FA1-42D0-8552-28AAC91B21C2}.Release|Any CPU.Build.0 = Release|Any CPU
	EndGlobalSection
	GlobalSection(SolutionProperties) = preSolution
		HideSolutionNode = FALSE
	EndGlobalSection
	GlobalSection(ExtensibilityGlobals) = postSolution
		SolutionGuid = {DE2ABEE5-03BD-4793-8339-4EEAB6ACB68B}
	EndGlobalSection
EndGlobal
