
Microsoft Visual Studio Solution File, Format Version 12.00
# Visual Studio Version 17
VisualStudioVersion = 17.3.32819.101
MinimumVisualStudioVersion = 10.0.40219.1
Project("{FAE04EC0-301F-11D3-BF4B-00C04F79EFBC}") = "PE9_Q3", "PE9_Q3\PE9_Q3.csproj", "{965181EA-3D0E-43AE-8FAC-3FE9C2FB886A}"
EndProject
Global
	GlobalSection(SolutionConfigurationPlatforms) = preSolution
		Debug|Any CPU = Debug|Any CPU
		Release|Any CPU = Release|Any CPU
	EndGlobalSection
	GlobalSection(ProjectConfigurationPlatforms) = postSolution
		{965181EA-3D0E-43AE-8FAC-3FE9C2FB886A}.Debug|Any CPU.ActiveCfg = Debug|Any CPU
		{965181EA-3D0E-43AE-8FAC-3FE9C2FB886A}.Debug|Any CPU.Build.0 = Debug|Any CPU
		{965181EA-3D0E-43AE-8FAC-3FE9C2FB886A}.Release|Any CPU.ActiveCfg = Release|Any CPU
		{965181EA-3D0E-43AE-8FAC-3FE9C2FB886A}.Release|Any CPU.Build.0 = Release|Any CPU
	EndGlobalSection
	GlobalSection(SolutionProperties) = preSolution
		HideSolutionNode = FALSE
	EndGlobalSection
	GlobalSection(ExtensibilityGlobals) = postSolution
		SolutionGuid = {EA4840AC-E952-456D-B999-DB8E2ACF0A54}
	EndGlobalSection
EndGlobal
