
Microsoft Visual Studio Solution File, Format Version 12.00
# Visual Studio Version 17
VisualStudioVersion = 17.3.32819.101
MinimumVisualStudioVersion = 10.0.40219.1
Project("{FAE04EC0-301F-11D3-BF4B-00C04F79EFBC}") = "PE7_Q9", "PE7_Q9\PE7_Q9.csproj", "{1462A0FC-51C0-4EA8-A586-67E78D6A75BE}"
EndProject
Global
	GlobalSection(SolutionConfigurationPlatforms) = preSolution
		Debug|Any CPU = Debug|Any CPU
		Release|Any CPU = Release|Any CPU
	EndGlobalSection
	GlobalSection(ProjectConfigurationPlatforms) = postSolution
		{1462A0FC-51C0-4EA8-A586-67E78D6A75BE}.Debug|Any CPU.ActiveCfg = Debug|Any CPU
		{1462A0FC-51C0-4EA8-A586-67E78D6A75BE}.Debug|Any CPU.Build.0 = Debug|Any CPU
		{1462A0FC-51C0-4EA8-A586-67E78D6A75BE}.Release|Any CPU.ActiveCfg = Release|Any CPU
		{1462A0FC-51C0-4EA8-A586-67E78D6A75BE}.Release|Any CPU.Build.0 = Release|Any CPU
	EndGlobalSection
	GlobalSection(SolutionProperties) = preSolution
		HideSolutionNode = FALSE
	EndGlobalSection
	GlobalSection(ExtensibilityGlobals) = postSolution
		SolutionGuid = {63B41676-3D62-4CBE-8C57-F1BDD06696BE}
	EndGlobalSection
EndGlobal
