
Microsoft Visual Studio Solution File, Format Version 12.00
# Visual Studio Version 17
VisualStudioVersion = 17.3.32819.101
MinimumVisualStudioVersion = 10.0.40219.1
Project("{FAE04EC0-301F-11D3-BF4B-00C04F79EFBC}") = "FlowControl", "FlowControl\FlowControl.csproj", "{9CE48E85-C74D-4E2D-97B9-9748709997DD}"
EndProject
Global
	GlobalSection(SolutionConfigurationPlatforms) = preSolution
		Debug|Any CPU = Debug|Any CPU
		Release|Any CPU = Release|Any CPU
	EndGlobalSection
	GlobalSection(ProjectConfigurationPlatforms) = postSolution
		{9CE48E85-C74D-4E2D-97B9-9748709997DD}.Debug|Any CPU.ActiveCfg = Debug|Any CPU
		{9CE48E85-C74D-4E2D-97B9-9748709997DD}.Debug|Any CPU.Build.0 = Debug|Any CPU
		{9CE48E85-C74D-4E2D-97B9-9748709997DD}.Release|Any CPU.ActiveCfg = Release|Any CPU
		{9CE48E85-C74D-4E2D-97B9-9748709997DD}.Release|Any CPU.Build.0 = Release|Any CPU
	EndGlobalSection
	GlobalSection(SolutionProperties) = preSolution
		HideSolutionNode = FALSE
	EndGlobalSection
	GlobalSection(ExtensibilityGlobals) = postSolution
		SolutionGuid = {2E7F6D0D-14C5-4099-A20D-7FA235515BC1}
	EndGlobalSection
EndGlobal
