
Microsoft Visual Studio Solution File, Format Version 12.00
# Visual Studio Version 17
VisualStudioVersion = 17.3.32819.101
MinimumVisualStudioVersion = 10.0.40219.1
Project("{FAE04EC0-301F-11D3-BF4B-00C04F79EFBC}") = "UnitTest_Q2", "UnitTest_Q2\UnitTest_Q2.csproj", "{ADF32220-3106-4152-AAAF-F21C730FAB0A}"
EndProject
Global
	GlobalSection(SolutionConfigurationPlatforms) = preSolution
		Debug|Any CPU = Debug|Any CPU
		Release|Any CPU = Release|Any CPU
	EndGlobalSection
	GlobalSection(ProjectConfigurationPlatforms) = postSolution
		{ADF32220-3106-4152-AAAF-F21C730FAB0A}.Debug|Any CPU.ActiveCfg = Debug|Any CPU
		{ADF32220-3106-4152-AAAF-F21C730FAB0A}.Debug|Any CPU.Build.0 = Debug|Any CPU
		{ADF32220-3106-4152-AAAF-F21C730FAB0A}.Release|Any CPU.ActiveCfg = Release|Any CPU
		{ADF32220-3106-4152-AAAF-F21C730FAB0A}.Release|Any CPU.Build.0 = Release|Any CPU
	EndGlobalSection
	GlobalSection(SolutionProperties) = preSolution
		HideSolutionNode = FALSE
	EndGlobalSection
	GlobalSection(ExtensibilityGlobals) = postSolution
		SolutionGuid = {B3EC334D-EEE6-423A-B2CE-7E457EB6A5BF}
	EndGlobalSection
EndGlobal
