
Microsoft Visual Studio Solution File, Format Version 12.00
# Visual Studio Version 17
VisualStudioVersion = 17.3.32819.101
MinimumVisualStudioVersion = 10.0.40219.1
Project("{FAE04EC0-301F-11D3-BF4B-00C04F79EFBC}") = "TeamProjectPitch-Aifan", "TeamProjectPitch-Aifan\TeamProjectPitch-Aifan.csproj", "{D05ACEF0-0240-4C33-B735-000D12011EC7}"
EndProject
Global
	GlobalSection(SolutionConfigurationPlatforms) = preSolution
		Debug|Any CPU = Debug|Any CPU
		Release|Any CPU = Release|Any CPU
	EndGlobalSection
	GlobalSection(ProjectConfigurationPlatforms) = postSolution
		{D05ACEF0-0240-4C33-B735-000D12011EC7}.Debug|Any CPU.ActiveCfg = Debug|Any CPU
		{D05ACEF0-0240-4C33-B735-000D12011EC7}.Debug|Any CPU.Build.0 = Debug|Any CPU
		{D05ACEF0-0240-4C33-B735-000D12011EC7}.Release|Any CPU.ActiveCfg = Release|Any CPU
		{D05ACEF0-0240-4C33-B735-000D12011EC7}.Release|Any CPU.Build.0 = Release|Any CPU
	EndGlobalSection
	GlobalSection(SolutionProperties) = preSolution
		HideSolutionNode = FALSE
	EndGlobalSection
	GlobalSection(ExtensibilityGlobals) = postSolution
		SolutionGuid = {1EA903C5-C69D-45E8-987F-883192A64589}
	EndGlobalSection
EndGlobal
